
Microsoft Visual Studio Solution File, Format Version 12.00
# Visual Studio 15
VisualStudioVersion = 15.0.27130.2027
MinimumVisualStudioVersion = 10.0.40219.1
Project("{FAE04EC0-301F-11D3-BF4B-00C04F79EFBC}") = "teDK", "teDK\teDK.csproj", "{ACEF5EBB-7BCB-486B-914C-FB4FB2E00BFD}"
EndProject
Project("{2150E333-8FDC-42A3-9474-1A3956D46DE8}") = "Solution Items", "Solution Items", "{847C6B86-D53E-498C-BE1D-E00AC66014B6}"
	ProjectSection(SolutionItems) = preProject
		Version.txt = Version.txt
	EndProjectSection
EndProject
Project("{FAE04EC0-301F-11D3-BF4B-00C04F79EFBC}") = "teTerminkalenderType", "TerminkalenderType\teTerminkalenderType.csproj", "{A9D06F74-C466-4E9F-97AA-0E6AC3ACB8A8}"
EndProject
Project("{FAE04EC0-301F-11D3-BF4B-00C04F79EFBC}") = "teFileOperation", "teFileOperation\teFileOperation.csproj", "{C055C4F7-639C-46D4-B071-6C9ED4833FB1}"
EndProject
Global
	GlobalSection(SolutionConfigurationPlatforms) = preSolution
		Debug|Any CPU = Debug|Any CPU
		Release|Any CPU = Release|Any CPU
	EndGlobalSection
	GlobalSection(ProjectConfigurationPlatforms) = postSolution
		{ACEF5EBB-7BCB-486B-914C-FB4FB2E00BFD}.Debug|Any CPU.ActiveCfg = Debug|Any CPU
		{ACEF5EBB-7BCB-486B-914C-FB4FB2E00BFD}.Debug|Any CPU.Build.0 = Debug|Any CPU
		{ACEF5EBB-7BCB-486B-914C-FB4FB2E00BFD}.Release|Any CPU.ActiveCfg = Release|Any CPU
		{ACEF5EBB-7BCB-486B-914C-FB4FB2E00BFD}.Release|Any CPU.Build.0 = Release|Any CPU
		{A9D06F74-C466-4E9F-97AA-0E6AC3ACB8A8}.Debug|Any CPU.ActiveCfg = Debug|Any CPU
		{A9D06F74-C466-4E9F-97AA-0E6AC3ACB8A8}.Debug|Any CPU.Build.0 = Debug|Any CPU
		{A9D06F74-C466-4E9F-97AA-0E6AC3ACB8A8}.Release|Any CPU.ActiveCfg = Release|Any CPU
		{A9D06F74-C466-4E9F-97AA-0E6AC3ACB8A8}.Release|Any CPU.Build.0 = Release|Any CPU
		{C055C4F7-639C-46D4-B071-6C9ED4833FB1}.Debug|Any CPU.ActiveCfg = Debug|Any CPU
		{C055C4F7-639C-46D4-B071-6C9ED4833FB1}.Debug|Any CPU.Build.0 = Debug|Any CPU
		{C055C4F7-639C-46D4-B071-6C9ED4833FB1}.Release|Any CPU.ActiveCfg = Release|Any CPU
		{C055C4F7-639C-46D4-B071-6C9ED4833FB1}.Release|Any CPU.Build.0 = Release|Any CPU
	EndGlobalSection
	GlobalSection(SolutionProperties) = preSolution
		HideSolutionNode = FALSE
	EndGlobalSection
	GlobalSection(ExtensibilityGlobals) = postSolution
		SolutionGuid = {98366073-7F4A-4D0A-9436-FEDFC4867EE9}
	EndGlobalSection
EndGlobal
